// !$*UTF8*$!
{
	archiveVersion = 1;
	classes = {
	};
	objectVersion = 46;
	objects = {

/* Begin PBXBuildFile section */
		859FD6B11DE4495F00C0BDDA /* AppDelegate.swift in Sources */ = {isa = PBXBuildFile; fileRef = 859FD6B01DE4495F00C0BDDA /* AppDelegate.swift */; };
		859FD6B31DE4495F00C0BDDA /* Assets.xcassets in Resources */ = {isa = PBXBuildFile; fileRef = 859FD6B21DE4495F00C0BDDA /* Assets.xcassets */; };
		859FD6B61DE4495F00C0BDDA /* MainMenu.xib in Resources */ = {isa = PBXBuildFile; fileRef = 859FD6B41DE4495F00C0BDDA /* MainMenu.xib */; };
		859FD6C41DE4496C00C0BDDA /* Cocoa.framework in Frameworks */ = {isa = PBXBuildFile; fileRef = 859FD6C31DE4496C00C0BDDA /* Cocoa.framework */; };
		859FD6C91DE4496C00C0BDDA /* SourceEditorExtension.swift in Sources */ = {isa = PBXBuildFile; fileRef = 859FD6C81DE4496C00C0BDDA /* SourceEditorExtension.swift */; };
		859FD6CB1DE4496C00C0BDDA /* SourceEditorCommand.swift in Sources */ = {isa = PBXBuildFile; fileRef = 859FD6CA1DE4496C00C0BDDA /* SourceEditorCommand.swift */; };
		859FD6CF1DE4496C00C0BDDA /* HandyXCode.appex in Embed App Extensions */ = {isa = PBXBuildFile; fileRef = 859FD6C11DE4496C00C0BDDA /* HandyXCode.appex */; settings = {ATTRIBUTES = (RemoveHeadersOnCopy, ); }; };
/* End PBXBuildFile section */

/* Begin PBXContainerItemProxy section */
		859FD6CD1DE4496C00C0BDDA /* PBXContainerItemProxy */ = {
			isa = PBXContainerItemProxy;
			containerPortal = 859FD6A51DE4495F00C0BDDA /* Project object */;
			proxyType = 1;
			remoteGlobalIDString = 859FD6C01DE4496C00C0BDDA;
			remoteInfo = XcodeSourceEditorPlaceholderExtension;
		};
/* End PBXContainerItemProxy section */

/* Begin PBXCopyFilesBuildPhase section */
		859FD6D31DE4496C00C0BDDA /* Embed App Extensions */ = {
			isa = PBXCopyFilesBuildPhase;
			buildActionMask = 2147483647;
			dstPath = "";
			dstSubfolderSpec = 13;
			files = (
				859FD6CF1DE4496C00C0BDDA /* HandyXCode.appex in Embed App Extensions */,
			);
			name = "Embed App Extensions";
			runOnlyForDeploymentPostprocessing = 0;
		};
/* End PBXCopyFilesBuildPhase section */

/* Begin PBXFileReference section */
		854888FF1DE70A5C004F73D7 /* README.md */ = {isa = PBXFileReference; lastKnownFileType = net.daringfireball.markdown; path = README.md; sourceTree = "<group>"; };
		859FD6AD1DE4495F00C0BDDA /* HandyXCodeApp.app */ = {isa = PBXFileReference; explicitFileType = wrapper.application; includeInIndex = 0; path = HandyXCodeApp.app; sourceTree = BUILT_PRODUCTS_DIR; };
		859FD6B01DE4495F00C0BDDA /* AppDelegate.swift */ = {isa = PBXFileReference; lastKnownFileType = sourcecode.swift; path = AppDelegate.swift; sourceTree = "<group>"; };
		859FD6B21DE4495F00C0BDDA /* Assets.xcassets */ = {isa = PBXFileReference; lastKnownFileType = folder.assetcatalog; path = Assets.xcassets; sourceTree = "<group>"; };
		859FD6B51DE4495F00C0BDDA /* Base */ = {isa = PBXFileReference; lastKnownFileType = file.xib; name = Base; path = Base.lproj/MainMenu.xib; sourceTree = "<group>"; };
		859FD6B71DE4495F00C0BDDA /* Info.plist */ = {isa = PBXFileReference; lastKnownFileType = text.plist.xml; path = Info.plist; sourceTree = "<group>"; };
		859FD6C11DE4496C00C0BDDA /* HandyXCode.appex */ = {isa = PBXFileReference; explicitFileType = "wrapper.app-extension"; includeInIndex = 0; path = HandyXCode.appex; sourceTree = BUILT_PRODUCTS_DIR; };
		859FD6C31DE4496C00C0BDDA /* Cocoa.framework */ = {isa = PBXFileReference; lastKnownFileType = wrapper.framework; name = Cocoa.framework; path = System/Library/Frameworks/Cocoa.framework; sourceTree = SDKROOT; };
		859FD6C71DE4496C00C0BDDA /* XcodeSourceEditorPlaceholderExtension.entitlements */ = {isa = PBXFileReference; lastKnownFileType = text.plist.entitlements; path = XcodeSourceEditorPlaceholderExtension.entitlements; sourceTree = "<group>"; };
		859FD6C81DE4496C00C0BDDA /* SourceEditorExtension.swift */ = {isa = PBXFileReference; lastKnownFileType = sourcecode.swift; path = SourceEditorExtension.swift; sourceTree = "<group>"; };
		859FD6CA1DE4496C00C0BDDA /* SourceEditorCommand.swift */ = {isa = PBXFileReference; lastKnownFileType = sourcecode.swift; path = SourceEditorCommand.swift; sourceTree = "<group>"; };
		859FD6CC1DE4496C00C0BDDA /* Info.plist */ = {isa = PBXFileReference; lastKnownFileType = text.plist.xml; path = Info.plist; sourceTree = "<group>"; };
		85F679801DE4600B009F2FBC /* XcodeSourceEditorPlaceholder.entitlements */ = {isa = PBXFileReference; lastKnownFileType = text.plist.entitlements; path = XcodeSourceEditorPlaceholder.entitlements; sourceTree = "<group>"; };
/* End PBXFileReference section */

/* Begin PBXFrameworksBuildPhase section */
		859FD6AA1DE4495F00C0BDDA /* Frameworks */ = {
			isa = PBXFrameworksBuildPhase;
			buildActionMask = 2147483647;
			files = (
			);
			runOnlyForDeploymentPostprocessing = 0;
		};
		859FD6BE1DE4496C00C0BDDA /* Frameworks */ = {
			isa = PBXFrameworksBuildPhase;
			buildActionMask = 2147483647;
			files = (
				859FD6C41DE4496C00C0BDDA /* Cocoa.framework in Frameworks */,
			);
			runOnlyForDeploymentPostprocessing = 0;
		};
/* End PBXFrameworksBuildPhase section */

/* Begin PBXGroup section */
		859FD6A41DE4495F00C0BDDA = {
			isa = PBXGroup;
			children = (
				854888FF1DE70A5C004F73D7 /* README.md */,
				859FD6AF1DE4495F00C0BDDA /* XcodeSourceEditorPlaceholder */,
				859FD6C51DE4496C00C0BDDA /* XcodeSourceEditorPlaceholderExtension */,
				859FD6C21DE4496C00C0BDDA /* Frameworks */,
				859FD6AE1DE4495F00C0BDDA /* Products */,
			);
			sourceTree = "<group>";
		};
		859FD6AE1DE4495F00C0BDDA /* Products */ = {
			isa = PBXGroup;
			children = (
				859FD6AD1DE4495F00C0BDDA /* HandyXCodeApp.app */,
				859FD6C11DE4496C00C0BDDA /* HandyXCode.appex */,
			);
			name = Products;
			sourceTree = "<group>";
		};
		859FD6AF1DE4495F00C0BDDA /* XcodeSourceEditorPlaceholder */ = {
			isa = PBXGroup;
			children = (
				85F679801DE4600B009F2FBC /* XcodeSourceEditorPlaceholder.entitlements */,
				859FD6B01DE4495F00C0BDDA /* AppDelegate.swift */,
				859FD6B21DE4495F00C0BDDA /* Assets.xcassets */,
				859FD6B41DE4495F00C0BDDA /* MainMenu.xib */,
				859FD6B71DE4495F00C0BDDA /* Info.plist */,
			);
			path = XcodeSourceEditorPlaceholder;
			sourceTree = "<group>";
		};
		859FD6C21DE4496C00C0BDDA /* Frameworks */ = {
			isa = PBXGroup;
			children = (
				859FD6C31DE4496C00C0BDDA /* Cocoa.framework */,
			);
			name = Frameworks;
			sourceTree = "<group>";
		};
		859FD6C51DE4496C00C0BDDA /* XcodeSourceEditorPlaceholderExtension */ = {
			isa = PBXGroup;
			children = (
				859FD6C81DE4496C00C0BDDA /* SourceEditorExtension.swift */,
				859FD6CA1DE4496C00C0BDDA /* SourceEditorCommand.swift */,
				859FD6CC1DE4496C00C0BDDA /* Info.plist */,
				859FD6C61DE4496C00C0BDDA /* Supporting Files */,
			);
			path = XcodeSourceEditorPlaceholderExtension;
			sourceTree = "<group>";
		};
		859FD6C61DE4496C00C0BDDA /* Supporting Files */ = {
			isa = PBXGroup;
			children = (
				859FD6C71DE4496C00C0BDDA /* XcodeSourceEditorPlaceholderExtension.entitlements */,
			);
			name = "Supporting Files";
			sourceTree = "<group>";
		};
/* End PBXGroup section */

/* Begin PBXNativeTarget section */
		859FD6AC1DE4495F00C0BDDA /* HandyXCodeApp */ = {
			isa = PBXNativeTarget;
			buildConfigurationList = 859FD6BA1DE4495F00C0BDDA /* Build configuration list for PBXNativeTarget "HandyXCodeApp" */;
			buildPhases = (
				859FD6A91DE4495F00C0BDDA /* Sources */,
				859FD6AA1DE4495F00C0BDDA /* Frameworks */,
				859FD6AB1DE4495F00C0BDDA /* Resources */,
				859FD6D31DE4496C00C0BDDA /* Embed App Extensions */,
			);
			buildRules = (
			);
			dependencies = (
				859FD6CE1DE4496C00C0BDDA /* PBXTargetDependency */,
			);
			name = HandyXCodeApp;
			productName = XcodeSourceEditorPlaceholder;
			productReference = 859FD6AD1DE4495F00C0BDDA /* HandyXCodeApp.app */;
			productType = "com.apple.product-type.application";
		};
		859FD6C01DE4496C00C0BDDA /* HandyXCode */ = {
			isa = PBXNativeTarget;
			buildConfigurationList = 859FD6D01DE4496C00C0BDDA /* Build configuration list for PBXNativeTarget "HandyXCode" */;
			buildPhases = (
				859FD6BD1DE4496C00C0BDDA /* Sources */,
				859FD6BE1DE4496C00C0BDDA /* Frameworks */,
				859FD6BF1DE4496C00C0BDDA /* Resources */,
			);
			buildRules = (
			);
			dependencies = (
			);
			name = HandyXCode;
			productName = XcodeSourceEditorPlaceholderExtension;
			productReference = 859FD6C11DE4496C00C0BDDA /* HandyXCode.appex */;
			productType = "com.apple.product-type.xcode-extension";
		};
/* End PBXNativeTarget section */

/* Begin PBXProject section */
		859FD6A51DE4495F00C0BDDA /* Project object */ = {
			isa = PBXProject;
			attributes = {
				LastSwiftUpdateCheck = 0810;
				LastUpgradeCheck = 1000;
				ORGANIZATIONNAME = "K. K. Handmade Apps Ltd.";
				TargetAttributes = {
					859FD6AC1DE4495F00C0BDDA = {
						CreatedOnToolsVersion = 8.1;
						DevelopmentTeam = V45DJ8ATAE;
						LastSwiftMigration = 1000;
						ProvisioningStyle = Automatic;
						SystemCapabilities = {
							com.apple.Sandbox = {
								enabled = 1;
							};
						};
					};
					859FD6C01DE4496C00C0BDDA = {
						CreatedOnToolsVersion = 8.1;
						DevelopmentTeam = V45DJ8ATAE;
						LastSwiftMigration = 1000;
						ProvisioningStyle = Automatic;
					};
				};
			};
			buildConfigurationList = 859FD6A81DE4495F00C0BDDA /* Build configuration list for PBXProject "HandyXCode" */;
			compatibilityVersion = "Xcode 3.2";
			developmentRegion = English;
			hasScannedForEncodings = 0;
			knownRegions = (
				en,
				Base,
			);
			mainGroup = 859FD6A41DE4495F00C0BDDA;
			productRefGroup = 859FD6AE1DE4495F00C0BDDA /* Products */;
			projectDirPath = "";
			projectRoot = "";
			targets = (
				859FD6AC1DE4495F00C0BDDA /* HandyXCodeApp */,
				859FD6C01DE4496C00C0BDDA /* HandyXCode */,
			);
		};
/* End PBXProject section */

/* Begin PBXResourcesBuildPhase section */
		859FD6AB1DE4495F00C0BDDA /* Resources */ = {
			isa = PBXResourcesBuildPhase;
			buildActionMask = 2147483647;
			files = (
				859FD6B31DE4495F00C0BDDA /* Assets.xcassets in Resources */,
				859FD6B61DE4495F00C0BDDA /* MainMenu.xib in Resources */,
			);
			runOnlyForDeploymentPostprocessing = 0;
		};
		859FD6BF1DE4496C00C0BDDA /* Resources */ = {
			isa = PBXResourcesBuildPhase;
			buildActionMask = 2147483647;
			files = (
			);
			runOnlyForDeploymentPostprocessing = 0;
		};
/* End PBXResourcesBuildPhase section */

/* Begin PBXSourcesBuildPhase section */
		859FD6A91DE4495F00C0BDDA /* Sources */ = {
			isa = PBXSourcesBuildPhase;
			buildActionMask = 2147483647;
			files = (
				859FD6B11DE4495F00C0BDDA /* AppDelegate.swift in Sources */,
			);
			runOnlyForDeploymentPostprocessing = 0;
		};
		859FD6BD1DE4496C00C0BDDA /* Sources */ = {
			isa = PBXSourcesBuildPhase;
			buildActionMask = 2147483647;
			files = (
				859FD6C91DE4496C00C0BDDA /* SourceEditorExtension.swift in Sources */,
				859FD6CB1DE4496C00C0BDDA /* SourceEditorCommand.swift in Sources */,
			);
			runOnlyForDeploymentPostprocessing = 0;
		};
/* End PBXSourcesBuildPhase section */

/* Begin PBXTargetDependency section */
		859FD6CE1DE4496C00C0BDDA /* PBXTargetDependency */ = {
			isa = PBXTargetDependency;
			target = 859FD6C01DE4496C00C0BDDA /* HandyXCode */;
			targetProxy = 859FD6CD1DE4496C00C0BDDA /* PBXContainerItemProxy */;
		};
/* End PBXTargetDependency section */

/* Begin PBXVariantGroup section */
		859FD6B41DE4495F00C0BDDA /* MainMenu.xib */ = {
			isa = PBXVariantGroup;
			children = (
				859FD6B51DE4495F00C0BDDA /* Base */,
			);
			name = MainMenu.xib;
			sourceTree = "<group>";
		};
/* End PBXVariantGroup section */

/* Begin XCBuildConfiguration section */
		859FD6B81DE4495F00C0BDDA /* Debug */ = {
			isa = XCBuildConfiguration;
			buildSettings = {
				ALWAYS_SEARCH_USER_PATHS = NO;
				CLANG_ANALYZER_NONNULL = YES;
				CLANG_CXX_LANGUAGE_STANDARD = "gnu++0x";
				CLANG_CXX_LIBRARY = "libc++";
				CLANG_ENABLE_MODULES = YES;
				CLANG_ENABLE_OBJC_ARC = YES;
				CLANG_WARN_BLOCK_CAPTURE_AUTORELEASING = YES;
				CLANG_WARN_BOOL_CONVERSION = YES;
				CLANG_WARN_COMMA = YES;
				CLANG_WARN_CONSTANT_CONVERSION = YES;
				CLANG_WARN_DEPRECATED_OBJC_IMPLEMENTATIONS = YES;
				CLANG_WARN_DIRECT_OBJC_ISA_USAGE = YES_ERROR;
				CLANG_WARN_DOCUMENTATION_COMMENTS = YES;
				CLANG_WARN_EMPTY_BODY = YES;
				CLANG_WARN_ENUM_CONVERSION = YES;
				CLANG_WARN_INFINITE_RECURSION = YES;
				CLANG_WARN_INT_CONVERSION = YES;
				CLANG_WARN_NON_LITERAL_NULL_CONVERSION = YES;
				CLANG_WARN_OBJC_IMPLICIT_RETAIN_SELF = YES;
				CLANG_WARN_OBJC_LITERAL_CONVERSION = YES;
				CLANG_WARN_OBJC_ROOT_CLASS = YES_ERROR;
				CLANG_WARN_RANGE_LOOP_ANALYSIS = YES;
				CLANG_WARN_STRICT_PROTOTYPES = YES;
				CLANG_WARN_SUSPICIOUS_MOVE = YES;
				CLANG_WARN_SUSPICIOUS_MOVES = YES;
				CLANG_WARN_UNREACHABLE_CODE = YES;
				CLANG_WARN__DUPLICATE_METHOD_MATCH = YES;
				CODE_SIGN_IDENTITY = "-";
				COPY_PHASE_STRIP = NO;
				DEBUG_INFORMATION_FORMAT = dwarf;
				ENABLE_STRICT_OBJC_MSGSEND = YES;
				ENABLE_TESTABILITY = YES;
				GCC_C_LANGUAGE_STANDARD = gnu99;
				GCC_DYNAMIC_NO_PIC = NO;
				GCC_NO_COMMON_BLOCKS = YES;
				GCC_OPTIMIZATION_LEVEL = 0;
				GCC_PREPROCESSOR_DEFINITIONS = (
					"DEBUG=1",
					"$(inherited)",
				);
				GCC_WARN_64_TO_32_BIT_CONVERSION = YES;
				GCC_WARN_ABOUT_RETURN_TYPE = YES_ERROR;
				GCC_WARN_UNDECLARED_SELECTOR = YES;
				GCC_WARN_UNINITIALIZED_AUTOS = YES_AGGRESSIVE;
				GCC_WARN_UNUSED_FUNCTION = YES;
				GCC_WARN_UNUSED_VARIABLE = YES;
				MACOSX_DEPLOYMENT_TARGET = 10.11;
				MTL_ENABLE_DEBUG_INFO = YES;
				ONLY_ACTIVE_ARCH = YES;
				SDKROOT = macosx;
				SWIFT_ACTIVE_COMPILATION_CONDITIONS = DEBUG;
				SWIFT_OPTIMIZATION_LEVEL = "-Onone";
			};
			name = Debug;
		};
		859FD6B91DE4495F00C0BDDA /* Release */ = {
			isa = XCBuildConfiguration;
			buildSettings = {
				ALWAYS_SEARCH_USER_PATHS = NO;
				CLANG_ANALYZER_NONNULL = YES;
				CLANG_CXX_LANGUAGE_STANDARD = "gnu++0x";
				CLANG_CXX_LIBRARY = "libc++";
				CLANG_ENABLE_MODULES = YES;
				CLANG_ENABLE_OBJC_ARC = YES;
				CLANG_WARN_BLOCK_CAPTURE_AUTORELEASING = YES;
				CLANG_WARN_BOOL_CONVERSION = YES;
				CLANG_WARN_COMMA = YES;
				CLANG_WARN_CONSTANT_CONVERSION = YES;
				CLANG_WARN_DEPRECATED_OBJC_IMPLEMENTATIONS = YES;
				CLANG_WARN_DIRECT_OBJC_ISA_USAGE = YES_ERROR;
				CLANG_WARN_DOCUMENTATION_COMMENTS = YES;
				CLANG_WARN_EMPTY_BODY = YES;
				CLANG_WARN_ENUM_CONVERSION = YES;
				CLANG_WARN_INFINITE_RECURSION = YES;
				CLANG_WARN_INT_CONVERSION = YES;
				CLANG_WARN_NON_LITERAL_NULL_CONVERSION = YES;
				CLANG_WARN_OBJC_IMPLICIT_RETAIN_SELF = YES;
				CLANG_WARN_OBJC_LITERAL_CONVERSION = YES;
				CLANG_WARN_OBJC_ROOT_CLASS = YES_ERROR;
				CLANG_WARN_RANGE_LOOP_ANALYSIS = YES;
				CLANG_WARN_STRICT_PROTOTYPES = YES;
				CLANG_WARN_SUSPICIOUS_MOVE = YES;
				CLANG_WARN_SUSPICIOUS_MOVES = YES;
				CLANG_WARN_UNREACHABLE_CODE = YES;
				CLANG_WARN__DUPLICATE_METHOD_MATCH = YES;
				CODE_SIGN_IDENTITY = "-";
				COPY_PHASE_STRIP = NO;
				DEBUG_INFORMATION_FORMAT = "dwarf-with-dsym";
				ENABLE_NS_ASSERTIONS = NO;
				ENABLE_STRICT_OBJC_MSGSEND = YES;
				GCC_C_LANGUAGE_STANDARD = gnu99;
				GCC_NO_COMMON_BLOCKS = YES;
				GCC_WARN_64_TO_32_BIT_CONVERSION = YES;
				GCC_WARN_ABOUT_RETURN_TYPE = YES_ERROR;
				GCC_WARN_UNDECLARED_SELECTOR = YES;
				GCC_WARN_UNINITIALIZED_AUTOS = YES_AGGRESSIVE;
				GCC_WARN_UNUSED_FUNCTION = YES;
				GCC_WARN_UNUSED_VARIABLE = YES;
				MACOSX_DEPLOYMENT_TARGET = 10.11;
				MTL_ENABLE_DEBUG_INFO = NO;
				SDKROOT = macosx;
				SWIFT_OPTIMIZATION_LEVEL = "-Owholemodule";
			};
			name = Release;
		};
		859FD6BB1DE4495F00C0BDDA /* Debug */ = {
			isa = XCBuildConfiguration;
			buildSettings = {
				ALWAYS_EMBED_SWIFT_STANDARD_LIBRARIES = YES;
				ASSETCATALOG_COMPILER_APPICON_NAME = AppIcon;
				CODE_SIGN_ENTITLEMENTS = XcodeSourceEditorPlaceholder/XcodeSourceEditorPlaceholder.entitlements;
				CODE_SIGN_IDENTITY = "Mac Developer";
				CODE_SIGN_STYLE = Automatic;
				COMBINE_HIDPI_IMAGES = YES;
				DEVELOPMENT_TEAM = "";
				INFOPLIST_FILE = XcodeSourceEditorPlaceholder/Info.plist;
				LD_RUNPATH_SEARCH_PATHS = "$(inherited) @executable_path/../Frameworks";
				PRODUCT_BUNDLE_IDENTIFIER = tech.handmadeapps.HandyXcode;
				PRODUCT_NAME = "$(TARGET_NAME)";
				PROVISIONING_PROFILE_SPECIFIER = "";
				SWIFT_SWIFT3_OBJC_INFERENCE = Default;
				SWIFT_VERSION = 4.2;
			};
			name = Debug;
		};
		859FD6BC1DE4495F00C0BDDA /* Release */ = {
			isa = XCBuildConfiguration;
			buildSettings = {
				ALWAYS_EMBED_SWIFT_STANDARD_LIBRARIES = YES;
				ASSETCATALOG_COMPILER_APPICON_NAME = AppIcon;
				CODE_SIGN_ENTITLEMENTS = XcodeSourceEditorPlaceholder/XcodeSourceEditorPlaceholder.entitlements;
				CODE_SIGN_IDENTITY = "Mac Developer";
				CODE_SIGN_STYLE = Automatic;
				COMBINE_HIDPI_IMAGES = YES;
				DEVELOPMENT_TEAM = "";
				INFOPLIST_FILE = XcodeSourceEditorPlaceholder/Info.plist;
				LD_RUNPATH_SEARCH_PATHS = "$(inherited) @executable_path/../Frameworks";
				PRODUCT_BUNDLE_IDENTIFIER = tech.handmadeapps.HandyXcode;
				PRODUCT_NAME = "$(TARGET_NAME)";
				PROVISIONING_PROFILE_SPECIFIER = "";
				SWIFT_SWIFT3_OBJC_INFERENCE = Default;
				SWIFT_VERSION = 4.2;
			};
			name = Release;
		};
		859FD6D11DE4496C00C0BDDA /* Debug */ = {
			isa = XCBuildConfiguration;
			buildSettings = {
				CODE_SIGN_ENTITLEMENTS = XcodeSourceEditorPlaceholderExtension/XcodeSourceEditorPlaceholderExtension.entitlements;
				CODE_SIGN_IDENTITY = "Mac Developer";
				COMBINE_HIDPI_IMAGES = YES;
				DEVELOPMENT_TEAM = V45DJ8ATAE;
				INFOPLIST_FILE = XcodeSourceEditorPlaceholderExtension/Info.plist;
				LD_RUNPATH_SEARCH_PATHS = "$(inherited) @executable_path/../Frameworks @executable_path/../../../../Frameworks";
				PRODUCT_BUNDLE_IDENTIFIER = tech.handmadeapps.HandyXcode.Extension;
				PRODUCT_NAME = "$(TARGET_NAME)";
				SKIP_INSTALL = YES;
				SWIFT_SWIFT3_OBJC_INFERENCE = Default;
				SWIFT_VERSION = 4.2;
			};
			name = Debug;
		};
		859FD6D21DE4496C00C0BDDA /* Release */ = {
			isa = XCBuildConfiguration;
			buildSettings = {
				CODE_SIGN_ENTITLEMENTS = XcodeSourceEditorPlaceholderExtension/XcodeSourceEditorPlaceholderExtension.entitlements;
				CODE_SIGN_IDENTITY = "Mac Developer";
				COMBINE_HIDPI_IMAGES = YES;
				DEVELOPMENT_TEAM = V45DJ8ATAE;
				INFOPLIST_FILE = XcodeSourceEditorPlaceholderExtension/Info.plist;
				LD_RUNPATH_SEARCH_PATHS = "$(inherited) @executable_path/../Frameworks @executable_path/../../../../Frameworks";
				PRODUCT_BUNDLE_IDENTIFIER = tech.handmadeapps.HandyXcode.Extension;
				PRODUCT_NAME = "$(TARGET_NAME)";
				SKIP_INSTALL = YES;
				SWIFT_SWIFT3_OBJC_INFERENCE = Default;
				SWIFT_VERSION = 4.2;
			};
			name = Release;
		};
/* End XCBuildConfiguration section */

/* Begin XCConfigurationList section */
		859FD6A81DE4495F00C0BDDA /* Build configuration list for PBXProject "HandyXCode" */ = {
			isa = XCConfigurationList;
			buildConfigurations = (
				859FD6B81DE4495F00C0BDDA /* Debug */,
				859FD6B91DE4495F00C0BDDA /* Release */,
			);
			defaultConfigurationIsVisible = 0;
			defaultConfigurationName = Release;
		};
		859FD6BA1DE4495F00C0BDDA /* Build configuration list for PBXNativeTarget "HandyXCodeApp" */ = {
			isa = XCConfigurationList;
			buildConfigurations = (
				859FD6BB1DE4495F00C0BDDA /* Debug */,
				859FD6BC1DE4495F00C0BDDA /* Release */,
			);
			defaultConfigurationIsVisible = 0;
			defaultConfigurationName = Release;
		};
		859FD6D01DE4496C00C0BDDA /* Build configuration list for PBXNativeTarget "HandyXCode" */ = {
			isa = XCConfigurationList;
			buildConfigurations = (
				859FD6D11DE4496C00C0BDDA /* Debug */,
				859FD6D21DE4496C00C0BDDA /* Release */,
			);
			defaultConfigurationIsVisible = 0;
			defaultConfigurationName = Release;
		};
/* End XCConfigurationList section */
	};
	rootObject = 859FD6A51DE4495F00C0BDDA /* Project object */;
}
